
Microsoft Visual Studio Solution File, Format Version 12.00
# Visual Studio 15
VisualStudioVersion = 15.0.27428.2037
MinimumVisualStudioVersion = 10.0.40219.1
Project("{FAE04EC0-301F-11D3-BF4B-00C04F79EFBC}") = "WebSocketDemo", "WebSocketDemo\WebSocketDemo.csproj", "{2DBD8253-6628-4D66-BDBF-B8A51ECF9C2A}"
EndProject
Global
	GlobalSection(SolutionConfigurationPlatforms) = preSolution
		Debug|Any CPU = Debug|Any CPU
		Release|Any CPU = Release|Any CPU
	EndGlobalSection
	GlobalSection(ProjectConfigurationPlatforms) = postSolution
		{2DBD8253-6628-4D66-BDBF-B8A51ECF9C2A}.Debug|Any CPU.ActiveCfg = Debug|Any CPU
		{2DBD8253-6628-4D66-BDBF-B8A51ECF9C2A}.Debug|Any CPU.Build.0 = Debug|Any CPU
		{2DBD8253-6628-4D66-BDBF-B8A51ECF9C2A}.Release|Any CPU.ActiveCfg = Release|Any CPU
		{2DBD8253-6628-4D66-BDBF-B8A51ECF9C2A}.Release|Any CPU.Build.0 = Release|Any CPU
	EndGlobalSection
	GlobalSection(SolutionProperties) = preSolution
		HideSolutionNode = FALSE
	EndGlobalSection
	GlobalSection(ExtensibilityGlobals) = postSolution
		SolutionGuid = {A493248F-5A02-43F8-B6D3-7A3BEE05A4F9}
	EndGlobalSection
EndGlobal
